
Microsoft Visual Studio Solution File, Format Version 12.00
# Visual Studio Version 17
VisualStudioVersion = 17.14.36310.24
MinimumVisualStudioVersion = 10.0.40219.1
Project("{FAE04EC0-301F-11D3-BF4B-00C04F79EFBC}") = "decksterity", "decksterity.csproj", "{46653388-8664-4963-B4D0-24192C6D0A4A}"
EndProject
Project("{54435603-DBB4-11D2-8724-00A0C9A8B90C}") = "DecksteritySetup", "DecksteritySetup\DecksteritySetup.vdproj", "{18925B8D-8418-7C9E-2B27-BCE43917417B}"
EndProject
Global
	GlobalSection(SolutionConfigurationPlatforms) = preSolution
		Debug|Any CPU = Debug|Any CPU
		Release|Any CPU = Release|Any CPU
	EndGlobalSection
	GlobalSection(ProjectConfigurationPlatforms) = postSolution
		{46653388-8664-4963-B4D0-24192C6D0A4A}.Debug|Any CPU.ActiveCfg = Debug|Any CPU
		{46653388-8664-4963-B4D0-24192C6D0A4A}.Debug|Any CPU.Build.0 = Debug|Any CPU
		{46653388-8664-4963-B4D0-24192C6D0A4A}.Release|Any CPU.ActiveCfg = Release|Any CPU
		{46653388-8664-4963-B4D0-24192C6D0A4A}.Release|Any CPU.Build.0 = Release|Any CPU
		{18925B8D-8418-7C9E-2B27-BCE43917417B}.Debug|Any CPU.ActiveCfg = Debug
		{18925B8D-8418-7C9E-2B27-BCE43917417B}.Release|Any CPU.ActiveCfg = Release
	EndGlobalSection
	GlobalSection(SolutionProperties) = preSolution
		HideSolutionNode = FALSE
	EndGlobalSection
	GlobalSection(ExtensibilityGlobals) = postSolution
		SolutionGuid = {3C7C5486-1D4E-417A-AF0B-B3294EDB0EA5}
	EndGlobalSection
EndGlobal
